
Microsoft Visual Studio Solution File, Format Version 12.00
# Visual Studio Version 16
VisualStudioVersion = 16.0.32126.315
MinimumVisualStudioVersion = 10.0.40219.1
Project("{9A19103F-16F7-4668-BE54-9A1E7A4F7556}") = "CurrencyPriceLogger", "CurrencyPriceLogger\CurrencyPriceLogger.csproj", "{5361E57C-FF80-4044-9BE9-9E870E32D5BB}"
EndProject
Global
	GlobalSection(SolutionConfigurationPlatforms) = preSolution
		Debug|Any CPU = Debug|Any CPU
		Release|Any CPU = Release|Any CPU
	EndGlobalSection
	GlobalSection(ProjectConfigurationPlatforms) = postSolution
		{5361E57C-FF80-4044-9BE9-9E870E32D5BB}.Debug|Any CPU.ActiveCfg = Debug|Any CPU
		{5361E57C-FF80-4044-9BE9-9E870E32D5BB}.Debug|Any CPU.Build.0 = Debug|Any CPU
		{5361E57C-FF80-4044-9BE9-9E870E32D5BB}.Release|Any CPU.ActiveCfg = Release|Any CPU
		{5361E57C-FF80-4044-9BE9-9E870E32D5BB}.Release|Any CPU.Build.0 = Release|Any CPU
	EndGlobalSection
	GlobalSection(SolutionProperties) = preSolution
		HideSolutionNode = FALSE
	EndGlobalSection
	GlobalSection(ExtensibilityGlobals) = postSolution
		SolutionGuid = {35191804-913D-4719-9F45-B31B45B27F36}
	EndGlobalSection
EndGlobal
